
Microsoft Visual Studio Solution File, Format Version 12.00
# Visual Studio Version 17
VisualStudioVersion = 17.8.34330.188
MinimumVisualStudioVersion = 10.0.40219.1
Project("{9A19103F-16F7-4668-BE54-9A1E7A4F7556}") = "DataAccessLayerShared", "DataAccessLayerShared\DataAccessLayerShared.csproj", "{7432E601-B414-4099-926B-AA409DD91E67}"
EndProject
Project("{9A19103F-16F7-4668-BE54-9A1E7A4F7556}") = "API", "API\API.csproj", "{0DEA63EF-159E-49FA-A65A-61999A09269E}"
EndProject
Global
	GlobalSection(SolutionConfigurationPlatforms) = preSolution
		Debug|Any CPU = Debug|Any CPU
		Release|Any CPU = Release|Any CPU
	EndGlobalSection
	GlobalSection(ProjectConfigurationPlatforms) = postSolution
		{7432E601-B414-4099-926B-AA409DD91E67}.Debug|Any CPU.ActiveCfg = Debug|Any CPU
		{7432E601-B414-4099-926B-AA409DD91E67}.Debug|Any CPU.Build.0 = Debug|Any CPU
		{7432E601-B414-4099-926B-AA409DD91E67}.Release|Any CPU.ActiveCfg = Release|Any CPU
		{7432E601-B414-4099-926B-AA409DD91E67}.Release|Any CPU.Build.0 = Release|Any CPU
		{0DEA63EF-159E-49FA-A65A-61999A09269E}.Debug|Any CPU.ActiveCfg = Debug|Any CPU
		{0DEA63EF-159E-49FA-A65A-61999A09269E}.Debug|Any CPU.Build.0 = Debug|Any CPU
		{0DEA63EF-159E-49FA-A65A-61999A09269E}.Release|Any CPU.ActiveCfg = Release|Any CPU
		{0DEA63EF-159E-49FA-A65A-61999A09269E}.Release|Any CPU.Build.0 = Release|Any CPU
	EndGlobalSection
	GlobalSection(SolutionProperties) = preSolution
		HideSolutionNode = FALSE
	EndGlobalSection
	GlobalSection(ExtensibilityGlobals) = postSolution
		SolutionGuid = {0A349DAB-9249-4D09-ADA0-3DAD1F0DB82C}
	EndGlobalSection
EndGlobal
